
Microsoft Visual Studio Solution File, Format Version 12.00
# Visual Studio Version 17
VisualStudioVersion = 17.0.32112.339
MinimumVisualStudioVersion = 10.0.40219.1
Project("{FAE04EC0-301F-11D3-BF4B-00C04F79EFBC}") = "Unit9_6", "Unit9_6.csproj", "{3C96A0B4-1FC1-4FFA-BC97-CD68C0D3658B}"
EndProject
Global
	GlobalSection(SolutionConfigurationPlatforms) = preSolution
		Debug|Any CPU = Debug|Any CPU
		Release|Any CPU = Release|Any CPU
	EndGlobalSection
	GlobalSection(ProjectConfigurationPlatforms) = postSolution
		{3C96A0B4-1FC1-4FFA-BC97-CD68C0D3658B}.Debug|Any CPU.ActiveCfg = Debug|Any CPU
		{3C96A0B4-1FC1-4FFA-BC97-CD68C0D3658B}.Debug|Any CPU.Build.0 = Debug|Any CPU
		{3C96A0B4-1FC1-4FFA-BC97-CD68C0D3658B}.Release|Any CPU.ActiveCfg = Release|Any CPU
		{3C96A0B4-1FC1-4FFA-BC97-CD68C0D3658B}.Release|Any CPU.Build.0 = Release|Any CPU
	EndGlobalSection
	GlobalSection(SolutionProperties) = preSolution
		HideSolutionNode = FALSE
	EndGlobalSection
	GlobalSection(ExtensibilityGlobals) = postSolution
		SolutionGuid = {9BCB7EEE-C3B9-45F1-9470-CBFBFBD63214}
	EndGlobalSection
EndGlobal
